
Microsoft Visual Studio Solution File, Format Version 12.00
# Visual Studio Version 17
VisualStudioVersion = 17.10.35013.160
MinimumVisualStudioVersion = 10.0.40219.1
Project("{FAE04EC0-301F-11D3-BF4B-00C04F79EFBC}") = "InvoiceTask", "InvoiceTask\InvoiceTask.csproj", "{DC9D81F2-E67E-4F5A-A489-F851C0F6EE52}"
EndProject
Project("{FAE04EC0-301F-11D3-BF4B-00C04F79EFBC}") = "InvoiceTask.Domain", "InvoiceTask.Domain\InvoiceTask.Domain.csproj", "{29173B68-0514-4559-8A6A-AA20D43AAED3}"
EndProject
Project("{FAE04EC0-301F-11D3-BF4B-00C04F79EFBC}") = "InvoiceTask.Infrastructuer", "InvoiceTask.Infrastructuer\InvoiceTask.Infrastructuer.csproj", "{7401032F-B0B7-4897-9BB6-5250102D25F7}"
EndProject
Project("{FAE04EC0-301F-11D3-BF4B-00C04F79EFBC}") = "InvoiceTask.Application", "InvoiceTask.Application\InvoiceTask.Application.csproj", "{B8BBEEED-130E-482C-8CBB-D8E02CD70DCB}"
EndProject
Global
	GlobalSection(SolutionConfigurationPlatforms) = preSolution
		Debug|Any CPU = Debug|Any CPU
		Release|Any CPU = Release|Any CPU
	EndGlobalSection
	GlobalSection(ProjectConfigurationPlatforms) = postSolution
		{DC9D81F2-E67E-4F5A-A489-F851C0F6EE52}.Debug|Any CPU.ActiveCfg = Debug|Any CPU
		{DC9D81F2-E67E-4F5A-A489-F851C0F6EE52}.Debug|Any CPU.Build.0 = Debug|Any CPU
		{DC9D81F2-E67E-4F5A-A489-F851C0F6EE52}.Release|Any CPU.ActiveCfg = Release|Any CPU
		{DC9D81F2-E67E-4F5A-A489-F851C0F6EE52}.Release|Any CPU.Build.0 = Release|Any CPU
		{29173B68-0514-4559-8A6A-AA20D43AAED3}.Debug|Any CPU.ActiveCfg = Debug|Any CPU
		{29173B68-0514-4559-8A6A-AA20D43AAED3}.Debug|Any CPU.Build.0 = Debug|Any CPU
		{29173B68-0514-4559-8A6A-AA20D43AAED3}.Release|Any CPU.ActiveCfg = Release|Any CPU
		{29173B68-0514-4559-8A6A-AA20D43AAED3}.Release|Any CPU.Build.0 = Release|Any CPU
		{7401032F-B0B7-4897-9BB6-5250102D25F7}.Debug|Any CPU.ActiveCfg = Debug|Any CPU
		{7401032F-B0B7-4897-9BB6-5250102D25F7}.Debug|Any CPU.Build.0 = Debug|Any CPU
		{7401032F-B0B7-4897-9BB6-5250102D25F7}.Release|Any CPU.ActiveCfg = Release|Any CPU
		{7401032F-B0B7-4897-9BB6-5250102D25F7}.Release|Any CPU.Build.0 = Release|Any CPU
		{B8BBEEED-130E-482C-8CBB-D8E02CD70DCB}.Debug|Any CPU.ActiveCfg = Debug|Any CPU
		{B8BBEEED-130E-482C-8CBB-D8E02CD70DCB}.Debug|Any CPU.Build.0 = Debug|Any CPU
		{B8BBEEED-130E-482C-8CBB-D8E02CD70DCB}.Release|Any CPU.ActiveCfg = Release|Any CPU
		{B8BBEEED-130E-482C-8CBB-D8E02CD70DCB}.Release|Any CPU.Build.0 = Release|Any CPU
	EndGlobalSection
	GlobalSection(SolutionProperties) = preSolution
		HideSolutionNode = FALSE
	EndGlobalSection
	GlobalSection(ExtensibilityGlobals) = postSolution
		SolutionGuid = {D6956D1F-F7B0-4ED1-B692-CD951FC29021}
	EndGlobalSection
EndGlobal
